
Microsoft Visual Studio Solution File, Format Version 12.00
# Visual Studio Version 17
VisualStudioVersion = 17.10.34928.147
MinimumVisualStudioVersion = 10.0.40219.1
Project("{E53339B2-1760-4266-BCC7-CA923CBCF16C}") = "docker-compose", "docker-compose.dcproj", "{A4C18B1E-42DB-43DD-A7F9-B619FB4A1395}"
EndProject
Project("{2150E333-8FDC-42A3-9474-1A3956D46DE8}") = "Tests", "Tests", "{FDFAE438-5BF4-4919-A0BE-09FB4CB34907}"
EndProject
Project("{9A19103F-16F7-4668-BE54-9A1E7A4F7556}") = "UserService.Integration.Tests", "tests\UserService.Integration.Tests\UserService.Integration.Tests.csproj", "{37EEDD2A-8BF2-40E3-9AF8-C50F4EE4FFAA}"
EndProject
Project("{9A19103F-16F7-4668-BE54-9A1E7A4F7556}") = "UserService.Unit.Tests", "tests\UserService.Unit.Tests\UserService.Unit.Tests.csproj", "{0677C7C7-74B1-46C3-9794-CDF5B6C00922}"
EndProject
Project("{9A19103F-16F7-4668-BE54-9A1E7A4F7556}") = "UserService.Domain", "src\UserService.Domain\UserService.Domain.csproj", "{A8C62F0C-F6D1-4A14-B687-12DDFAE2776F}"
EndProject
Project("{9A19103F-16F7-4668-BE54-9A1E7A4F7556}") = "UserService.API", "src\UserService.API\UserService.API.csproj", "{AA62E445-6CB6-4470-928C-565B361410A1}"
EndProject
Project("{9A19103F-16F7-4668-BE54-9A1E7A4F7556}") = "UserService.Application", "src\UserService.Application\UserService.Application.csproj", "{C59A7082-8E84-456F-8F22-08E999061DC2}"
EndProject
Project("{9A19103F-16F7-4668-BE54-9A1E7A4F7556}") = "UserService.Infrastructure", "src\UserService.Infrastructure\UserService.Infrastructure.csproj", "{C3E74BD1-2ADE-4053-B451-AC17D94BD3EB}"
EndProject
Global
	GlobalSection(SolutionConfigurationPlatforms) = preSolution
		Debug|Any CPU = Debug|Any CPU
		Release|Any CPU = Release|Any CPU
	EndGlobalSection
	GlobalSection(ProjectConfigurationPlatforms) = postSolution
		{A4C18B1E-42DB-43DD-A7F9-B619FB4A1395}.Debug|Any CPU.ActiveCfg = Debug|Any CPU
		{A4C18B1E-42DB-43DD-A7F9-B619FB4A1395}.Debug|Any CPU.Build.0 = Debug|Any CPU
		{A4C18B1E-42DB-43DD-A7F9-B619FB4A1395}.Release|Any CPU.ActiveCfg = Release|Any CPU
		{A4C18B1E-42DB-43DD-A7F9-B619FB4A1395}.Release|Any CPU.Build.0 = Release|Any CPU
		{37EEDD2A-8BF2-40E3-9AF8-C50F4EE4FFAA}.Debug|Any CPU.ActiveCfg = Debug|Any CPU
		{37EEDD2A-8BF2-40E3-9AF8-C50F4EE4FFAA}.Debug|Any CPU.Build.0 = Debug|Any CPU
		{37EEDD2A-8BF2-40E3-9AF8-C50F4EE4FFAA}.Release|Any CPU.ActiveCfg = Release|Any CPU
		{37EEDD2A-8BF2-40E3-9AF8-C50F4EE4FFAA}.Release|Any CPU.Build.0 = Release|Any CPU
		{0677C7C7-74B1-46C3-9794-CDF5B6C00922}.Debug|Any CPU.ActiveCfg = Debug|Any CPU
		{0677C7C7-74B1-46C3-9794-CDF5B6C00922}.Debug|Any CPU.Build.0 = Debug|Any CPU
		{0677C7C7-74B1-46C3-9794-CDF5B6C00922}.Release|Any CPU.ActiveCfg = Release|Any CPU
		{0677C7C7-74B1-46C3-9794-CDF5B6C00922}.Release|Any CPU.Build.0 = Release|Any CPU
		{A8C62F0C-F6D1-4A14-B687-12DDFAE2776F}.Debug|Any CPU.ActiveCfg = Debug|Any CPU
		{A8C62F0C-F6D1-4A14-B687-12DDFAE2776F}.Debug|Any CPU.Build.0 = Debug|Any CPU
		{A8C62F0C-F6D1-4A14-B687-12DDFAE2776F}.Release|Any CPU.ActiveCfg = Release|Any CPU
		{A8C62F0C-F6D1-4A14-B687-12DDFAE2776F}.Release|Any CPU.Build.0 = Release|Any CPU
		{AA62E445-6CB6-4470-928C-565B361410A1}.Debug|Any CPU.ActiveCfg = Debug|Any CPU
		{AA62E445-6CB6-4470-928C-565B361410A1}.Debug|Any CPU.Build.0 = Debug|Any CPU
		{AA62E445-6CB6-4470-928C-565B361410A1}.Release|Any CPU.ActiveCfg = Release|Any CPU
		{AA62E445-6CB6-4470-928C-565B361410A1}.Release|Any CPU.Build.0 = Release|Any CPU
		{C59A7082-8E84-456F-8F22-08E999061DC2}.Debug|Any CPU.ActiveCfg = Debug|Any CPU
		{C59A7082-8E84-456F-8F22-08E999061DC2}.Debug|Any CPU.Build.0 = Debug|Any CPU
		{C59A7082-8E84-456F-8F22-08E999061DC2}.Release|Any CPU.ActiveCfg = Release|Any CPU
		{C59A7082-8E84-456F-8F22-08E999061DC2}.Release|Any CPU.Build.0 = Release|Any CPU
		{C3E74BD1-2ADE-4053-B451-AC17D94BD3EB}.Debug|Any CPU.ActiveCfg = Debug|Any CPU
		{C3E74BD1-2ADE-4053-B451-AC17D94BD3EB}.Debug|Any CPU.Build.0 = Debug|Any CPU
		{C3E74BD1-2ADE-4053-B451-AC17D94BD3EB}.Release|Any CPU.ActiveCfg = Release|Any CPU
		{C3E74BD1-2ADE-4053-B451-AC17D94BD3EB}.Release|Any CPU.Build.0 = Release|Any CPU
	EndGlobalSection
	GlobalSection(SolutionProperties) = preSolution
		HideSolutionNode = FALSE
	EndGlobalSection
	GlobalSection(NestedProjects) = preSolution
		{37EEDD2A-8BF2-40E3-9AF8-C50F4EE4FFAA} = {FDFAE438-5BF4-4919-A0BE-09FB4CB34907}
		{0677C7C7-74B1-46C3-9794-CDF5B6C00922} = {FDFAE438-5BF4-4919-A0BE-09FB4CB34907}
	EndGlobalSection
	GlobalSection(ExtensibilityGlobals) = postSolution
		SolutionGuid = {3CAB8752-8541-488B-A85C-63C5C0D917E2}
	EndGlobalSection
EndGlobal
